
Microsoft Visual Studio Solution File, Format Version 12.00
# Visual Studio 15
VisualStudioVersion = 15.0.27130.2036
MinimumVisualStudioVersion = 10.0.40219.1
Project("{FAE04EC0-301F-11D3-BF4B-00C04F79EFBC}") = "ATS.Android", "ATS\ATS.Android\ATS.Android.csproj", "{F729A7C7-58BC-41B8-8CB5-17627C41E8EE}"
EndProject
Project("{FAE04EC0-301F-11D3-BF4B-00C04F79EFBC}") = "ATS.iOS", "ATS\ATS.iOS\ATS.iOS.csproj", "{0DAAA722-2875-498B-8ACC-DBA5CDB049E4}"
EndProject
Project("{D954291E-2A0B-460D-934E-DC6B0785DB48}") = "ATS", "ATS\ATS\ATS.shproj", "{FD04729E-526D-4D94-82CB-F6402E9E696F}"
EndProject
Global
	GlobalSection(SharedMSBuildProjectFiles) = preSolution
		ATS\ATS\ATS.projitems*{0daaa722-2875-498b-8acc-dba5cdb049e4}*SharedItemsImports = 4
		ATS\ATS\ATS.projitems*{f729a7c7-58bc-41b8-8cb5-17627c41e8ee}*SharedItemsImports = 4
		ATS\ATS\ATS.projitems*{fd04729e-526d-4d94-82cb-f6402e9e696f}*SharedItemsImports = 13
	EndGlobalSection
	GlobalSection(SolutionConfigurationPlatforms) = preSolution
		Ad-Hoc|Any CPU = Ad-Hoc|Any CPU
		Ad-Hoc|iPhone = Ad-Hoc|iPhone
		Ad-Hoc|iPhoneSimulator = Ad-Hoc|iPhoneSimulator
		AppStore|Any CPU = AppStore|Any CPU
		AppStore|iPhone = AppStore|iPhone
		AppStore|iPhoneSimulator = AppStore|iPhoneSimulator
		Debug|Any CPU = Debug|Any CPU
		Debug|iPhone = Debug|iPhone
		Debug|iPhoneSimulator = Debug|iPhoneSimulator
		Release|Any CPU = Release|Any CPU
		Release|iPhone = Release|iPhone
		Release|iPhoneSimulator = Release|iPhoneSimulator
	EndGlobalSection
	GlobalSection(ProjectConfigurationPlatforms) = postSolution
		{F729A7C7-58BC-41B8-8CB5-17627C41E8EE}.Ad-Hoc|Any CPU.ActiveCfg = Release|Any CPU
		{F729A7C7-58BC-41B8-8CB5-17627C41E8EE}.Ad-Hoc|Any CPU.Deploy.0 = Release|Any CPU
		{F729A7C7-58BC-41B8-8CB5-17627C41E8EE}.Ad-Hoc|iPhone.ActiveCfg = Release|Any CPU
		{F729A7C7-58BC-41B8-8CB5-17627C41E8EE}.Ad-Hoc|iPhone.Build.0 = Release|Any CPU
		{F729A7C7-58BC-41B8-8CB5-17627C41E8EE}.Ad-Hoc|iPhone.Deploy.0 = Release|Any CPU
		{F729A7C7-58BC-41B8-8CB5-17627C41E8EE}.Ad-Hoc|iPhoneSimulator.ActiveCfg = Release|Any CPU
		{F729A7C7-58BC-41B8-8CB5-17627C41E8EE}.Ad-Hoc|iPhoneSimulator.Build.0 = Release|Any CPU
		{F729A7C7-58BC-41B8-8CB5-17627C41E8EE}.Ad-Hoc|iPhoneSimulator.Deploy.0 = Release|Any CPU
		{F729A7C7-58BC-41B8-8CB5-17627C41E8EE}.AppStore|Any CPU.ActiveCfg = Release|Any CPU
		{F729A7C7-58BC-41B8-8CB5-17627C41E8EE}.AppStore|Any CPU.Build.0 = Release|Any CPU
		{F729A7C7-58BC-41B8-8CB5-17627C41E8EE}.AppStore|Any CPU.Deploy.0 = Release|Any CPU
		{F729A7C7-58BC-41B8-8CB5-17627C41E8EE}.AppStore|iPhone.ActiveCfg = Release|Any CPU
		{F729A7C7-58BC-41B8-8CB5-17627C41E8EE}.AppStore|iPhone.Build.0 = Release|Any CPU
		{F729A7C7-58BC-41B8-8CB5-17627C41E8EE}.AppStore|iPhone.Deploy.0 = Release|Any CPU
		{F729A7C7-58BC-41B8-8CB5-17627C41E8EE}.AppStore|iPhoneSimulator.ActiveCfg = Release|Any CPU
		{F729A7C7-58BC-41B8-8CB5-17627C41E8EE}.AppStore|iPhoneSimulator.Build.0 = Release|Any CPU
		{F729A7C7-58BC-41B8-8CB5-17627C41E8EE}.AppStore|iPhoneSimulator.Deploy.0 = Release|Any CPU
		{F729A7C7-58BC-41B8-8CB5-17627C41E8EE}.Debug|Any CPU.ActiveCfg = Debug|Any CPU
		{F729A7C7-58BC-41B8-8CB5-17627C41E8EE}.Debug|Any CPU.Deploy.0 = Debug|Any CPU
		{F729A7C7-58BC-41B8-8CB5-17627C41E8EE}.Debug|iPhone.ActiveCfg = Debug|Any CPU
		{F729A7C7-58BC-41B8-8CB5-17627C41E8EE}.Debug|iPhone.Deploy.0 = Debug|Any CPU
		{F729A7C7-58BC-41B8-8CB5-17627C41E8EE}.Debug|iPhoneSimulator.ActiveCfg = Debug|Any CPU
		{F729A7C7-58BC-41B8-8CB5-17627C41E8EE}.Debug|iPhoneSimulator.Deploy.0 = Debug|Any CPU
		{F729A7C7-58BC-41B8-8CB5-17627C41E8EE}.Release|Any CPU.ActiveCfg = Release|Any CPU
		{F729A7C7-58BC-41B8-8CB5-17627C41E8EE}.Release|Any CPU.Build.0 = Release|Any CPU
		{F729A7C7-58BC-41B8-8CB5-17627C41E8EE}.Release|Any CPU.Deploy.0 = Release|Any CPU
		{F729A7C7-58BC-41B8-8CB5-17627C41E8EE}.Release|iPhone.ActiveCfg = Release|Any CPU
		{F729A7C7-58BC-41B8-8CB5-17627C41E8EE}.Release|iPhone.Build.0 = Release|Any CPU
		{F729A7C7-58BC-41B8-8CB5-17627C41E8EE}.Release|iPhone.Deploy.0 = Release|Any CPU
		{F729A7C7-58BC-41B8-8CB5-17627C41E8EE}.Release|iPhoneSimulator.ActiveCfg = Release|Any CPU
		{F729A7C7-58BC-41B8-8CB5-17627C41E8EE}.Release|iPhoneSimulator.Build.0 = Release|Any CPU
		{F729A7C7-58BC-41B8-8CB5-17627C41E8EE}.Release|iPhoneSimulator.Deploy.0 = Release|Any CPU
		{0DAAA722-2875-498B-8ACC-DBA5CDB049E4}.Ad-Hoc|Any CPU.ActiveCfg = Debug|iPhone
		{0DAAA722-2875-498B-8ACC-DBA5CDB049E4}.Ad-Hoc|iPhone.ActiveCfg = Ad-Hoc|iPhone
		{0DAAA722-2875-498B-8ACC-DBA5CDB049E4}.Ad-Hoc|iPhone.Build.0 = Ad-Hoc|iPhone
		{0DAAA722-2875-498B-8ACC-DBA5CDB049E4}.Ad-Hoc|iPhoneSimulator.ActiveCfg = Ad-Hoc|iPhoneSimulator
		{0DAAA722-2875-498B-8ACC-DBA5CDB049E4}.Ad-Hoc|iPhoneSimulator.Build.0 = Ad-Hoc|iPhoneSimulator
		{0DAAA722-2875-498B-8ACC-DBA5CDB049E4}.AppStore|Any CPU.ActiveCfg = AppStore|iPhone
		{0DAAA722-2875-498B-8ACC-DBA5CDB049E4}.AppStore|iPhone.ActiveCfg = AppStore|iPhone
		{0DAAA722-2875-498B-8ACC-DBA5CDB049E4}.AppStore|iPhone.Build.0 = AppStore|iPhone
		{0DAAA722-2875-498B-8ACC-DBA5CDB049E4}.AppStore|iPhoneSimulator.ActiveCfg = AppStore|iPhoneSimulator
		{0DAAA722-2875-498B-8ACC-DBA5CDB049E4}.AppStore|iPhoneSimulator.Build.0 = AppStore|iPhoneSimulator
		{0DAAA722-2875-498B-8ACC-DBA5CDB049E4}.Debug|Any CPU.ActiveCfg = Debug|iPhone
		{0DAAA722-2875-498B-8ACC-DBA5CDB049E4}.Debug|iPhone.ActiveCfg = Debug|iPhone
		{0DAAA722-2875-498B-8ACC-DBA5CDB049E4}.Debug|iPhone.Build.0 = Debug|iPhone
		{0DAAA722-2875-498B-8ACC-DBA5CDB049E4}.Debug|iPhoneSimulator.ActiveCfg = Debug|iPhoneSimulator
		{0DAAA722-2875-498B-8ACC-DBA5CDB049E4}.Debug|iPhoneSimulator.Build.0 = Debug|iPhoneSimulator
		{0DAAA722-2875-498B-8ACC-DBA5CDB049E4}.Release|Any CPU.ActiveCfg = Release|iPhone
		{0DAAA722-2875-498B-8ACC-DBA5CDB049E4}.Release|iPhone.ActiveCfg = Release|iPhone
		{0DAAA722-2875-498B-8ACC-DBA5CDB049E4}.Release|iPhone.Build.0 = Release|iPhone
		{0DAAA722-2875-498B-8ACC-DBA5CDB049E4}.Release|iPhoneSimulator.ActiveCfg = Release|iPhoneSimulator
		{0DAAA722-2875-498B-8ACC-DBA5CDB049E4}.Release|iPhoneSimulator.Build.0 = Release|iPhoneSimulator
		{0DAAA722-2875-498B-8ACC-DBA5CDB049E4}.Debug|Any CPU.Build.0 = Debug|iPhone
		{0DAAA722-2875-498B-8ACC-DBA5CDB049E4}.Ad-Hoc|Any CPU.Build.0 = Debug|iPhone
	EndGlobalSection
	GlobalSection(SolutionProperties) = preSolution
		HideSolutionNode = FALSE
	EndGlobalSection
	GlobalSection(ExtensibilityGlobals) = postSolution
		SolutionGuid = {8BC6D9BE-CE9A-4B42-ADFF-A410F6D940B0}
	EndGlobalSection
	GlobalSection(TeamFoundationVersionControl) = preSolution
		SccNumberOfProjects = 5
		SccEnterpriseProvider = {4CA58AB2-18FA-4F8D-95D4-32DDF27D184C}
		SccTeamFoundationServer = https://autismtreatmentsolutions.visualstudio.com/
		SccLocalPath0 = .
		SccProjectUniqueName1 = ATS\\ATS.Android\\ATS.Android.csproj
		SccProjectName1 = ATS/ATS.Android
		SccLocalPath1 = ATS\\ATS.Android
		SccProjectUniqueName2 = ATS\\ATS.iOS\\ATS.iOS.csproj
		SccProjectName2 = ATS/ATS.iOS
		SccLocalPath2 = ATS\\ATS.iOS
		SccProjectUniqueName3 = ATS\\ATS\\ATS.projitems
		SccProjectTopLevelParentUniqueName3 = ATS\\ATS\\ATS.shproj
		SccProjectName3 = ATS/ATS
		SccLocalPath3 = ATS\\ATS
		SccProjectUniqueName4 = ATS\\ATS\\ATS.shproj
		SccProjectName4 = ATS/ATS
		SccLocalPath4 = ATS\\ATS
	EndGlobalSection
	GlobalSection(MonoDevelopProperties) = preSolution
		Policies = $0
		$0.DotNetNamingPolicy = $1
		$1.DirectoryNamespaceAssociation = PrefixedHierarchical
	EndGlobalSection
EndGlobal
